
Microsoft Visual Studio Solution File, Format Version 12.00
# Visual Studio Version 17
VisualStudioVersion = 17.1.32414.318
MinimumVisualStudioVersion = 10.0.40219.1
Project("{9A19103F-16F7-4668-BE54-9A1E7A4F7556}") = "OnlineServer", "code\OnlineServer\OnlineServer.csproj", "{ED51E81E-B32B-48CA-97B9-D76F908FD9DE}"
EndProject
Project("{2150E333-8FDC-42A3-9474-1A3956D46DE8}") = "functions", "functions", "{BBAD26BC-7536-41FD-97B4-D9A904D8B488}"
EndProject
Project("{9A19103F-16F7-4668-BE54-9A1E7A4F7556}") = "Proline.ServerAccess.IO", "code\Proline.ServerAccess.IO\Proline.ServerAccess.IO.csproj", "{D57F3BE1-7338-4CDF-B0C8-37A07B384E29}"
EndProject
Global
	GlobalSection(SolutionConfigurationPlatforms) = preSolution
		Client|Any CPU = Client|Any CPU
		Debug|Any CPU = Debug|Any CPU
		Release|Any CPU = Release|Any CPU
		Server|Any CPU = Server|Any CPU
	EndGlobalSection
	GlobalSection(ProjectConfigurationPlatforms) = postSolution
		{ED51E81E-B32B-48CA-97B9-D76F908FD9DE}.Client|Any CPU.ActiveCfg = Release|Any CPU
		{ED51E81E-B32B-48CA-97B9-D76F908FD9DE}.Client|Any CPU.Build.0 = Release|Any CPU
		{ED51E81E-B32B-48CA-97B9-D76F908FD9DE}.Debug|Any CPU.ActiveCfg = Debug|Any CPU
		{ED51E81E-B32B-48CA-97B9-D76F908FD9DE}.Debug|Any CPU.Build.0 = Debug|Any CPU
		{ED51E81E-B32B-48CA-97B9-D76F908FD9DE}.Release|Any CPU.ActiveCfg = Release|Any CPU
		{ED51E81E-B32B-48CA-97B9-D76F908FD9DE}.Release|Any CPU.Build.0 = Release|Any CPU
		{ED51E81E-B32B-48CA-97B9-D76F908FD9DE}.Server|Any CPU.ActiveCfg = Release|Any CPU
		{ED51E81E-B32B-48CA-97B9-D76F908FD9DE}.Server|Any CPU.Build.0 = Release|Any CPU
		{D57F3BE1-7338-4CDF-B0C8-37A07B384E29}.Client|Any CPU.ActiveCfg = Client|Any CPU
		{D57F3BE1-7338-4CDF-B0C8-37A07B384E29}.Client|Any CPU.Build.0 = Client|Any CPU
		{D57F3BE1-7338-4CDF-B0C8-37A07B384E29}.Debug|Any CPU.ActiveCfg = Debug|Any CPU
		{D57F3BE1-7338-4CDF-B0C8-37A07B384E29}.Debug|Any CPU.Build.0 = Debug|Any CPU
		{D57F3BE1-7338-4CDF-B0C8-37A07B384E29}.Release|Any CPU.ActiveCfg = Release|Any CPU
		{D57F3BE1-7338-4CDF-B0C8-37A07B384E29}.Release|Any CPU.Build.0 = Release|Any CPU
		{D57F3BE1-7338-4CDF-B0C8-37A07B384E29}.Server|Any CPU.ActiveCfg = Server|Any CPU
		{D57F3BE1-7338-4CDF-B0C8-37A07B384E29}.Server|Any CPU.Build.0 = Server|Any CPU
	EndGlobalSection
	GlobalSection(SolutionProperties) = preSolution
		HideSolutionNode = FALSE
	EndGlobalSection
	GlobalSection(NestedProjects) = preSolution
		{D57F3BE1-7338-4CDF-B0C8-37A07B384E29} = {BBAD26BC-7536-41FD-97B4-D9A904D8B488}
	EndGlobalSection
	GlobalSection(ExtensibilityGlobals) = postSolution
		SolutionGuid = {435C629E-2D36-447E-8887-47C1B216F8C8}
	EndGlobalSection
EndGlobal
