
Microsoft Visual Studio Solution File, Format Version 12.00
# Visual Studio Version 17
VisualStudioVersion = 17.1.32414.318
MinimumVisualStudioVersion = 10.0.40219.1
Project("{2150E333-8FDC-42A3-9474-1A3956D46DE8}") = "components", "components", "{0AF0648E-6894-4B97-8B3A-CE4AA6CADF06}"
EndProject
Project("{2150E333-8FDC-42A3-9474-1A3956D46DE8}") = "libs", "libs", "{2C69ABAD-9076-439A-9060-CDB5F8328B40}"
EndProject
Project("{2150E333-8FDC-42A3-9474-1A3956D46DE8}") = "game", "game", "{3556BC57-AFFB-461B-8604-600302AC6C75}"
EndProject
Project("{9A19103F-16F7-4668-BE54-9A1E7A4F7556}") = "RPOnlineCore", "libs\RPOnline\RPOnlineCore.csproj", "{9E1670C5-0ED1-42FC-B7C2-BA73933F049F}"
EndProject
Project("{9A19103F-16F7-4668-BE54-9A1E7A4F7556}") = "RPOnlineGame", "game\RPOnline\RPOnlineGame.csproj", "{49ED7C80-D8B8-422D-8771-8EF939521E1C}"
EndProject
Project("{9A19103F-16F7-4668-BE54-9A1E7A4F7556}") = "CInputOutput", "components\CInputOutput\CInputOutput.csproj", "{B9088BBB-C05B-4A4F-B83F-B90F79CDE9B6}"
EndProject
Project("{9A19103F-16F7-4668-BE54-9A1E7A4F7556}") = "CTrading", "components\CTrading\CTrading.csproj", "{F7239264-718F-4D2E-95AA-9C70A2B23319}"
EndProject
Project("{2150E333-8FDC-42A3-9474-1A3956D46DE8}") = "exts", "exts", "{A50ED7FA-E629-4D45-B6FC-8755B9BAC5B5}"
EndProject
Global
	GlobalSection(SolutionConfigurationPlatforms) = preSolution
		Debug|Any CPU = Debug|Any CPU
		Release|Any CPU = Release|Any CPU
	EndGlobalSection
	GlobalSection(ProjectConfigurationPlatforms) = postSolution
		{9E1670C5-0ED1-42FC-B7C2-BA73933F049F}.Debug|Any CPU.ActiveCfg = Debug|Any CPU
		{9E1670C5-0ED1-42FC-B7C2-BA73933F049F}.Debug|Any CPU.Build.0 = Debug|Any CPU
		{9E1670C5-0ED1-42FC-B7C2-BA73933F049F}.Release|Any CPU.ActiveCfg = Release|Any CPU
		{9E1670C5-0ED1-42FC-B7C2-BA73933F049F}.Release|Any CPU.Build.0 = Release|Any CPU
		{49ED7C80-D8B8-422D-8771-8EF939521E1C}.Debug|Any CPU.ActiveCfg = Debug|Any CPU
		{49ED7C80-D8B8-422D-8771-8EF939521E1C}.Debug|Any CPU.Build.0 = Debug|Any CPU
		{49ED7C80-D8B8-422D-8771-8EF939521E1C}.Release|Any CPU.ActiveCfg = Release|Any CPU
		{49ED7C80-D8B8-422D-8771-8EF939521E1C}.Release|Any CPU.Build.0 = Release|Any CPU
		{B9088BBB-C05B-4A4F-B83F-B90F79CDE9B6}.Debug|Any CPU.ActiveCfg = Debug|Any CPU
		{B9088BBB-C05B-4A4F-B83F-B90F79CDE9B6}.Debug|Any CPU.Build.0 = Debug|Any CPU
		{B9088BBB-C05B-4A4F-B83F-B90F79CDE9B6}.Release|Any CPU.ActiveCfg = Release|Any CPU
		{B9088BBB-C05B-4A4F-B83F-B90F79CDE9B6}.Release|Any CPU.Build.0 = Release|Any CPU
		{F7239264-718F-4D2E-95AA-9C70A2B23319}.Debug|Any CPU.ActiveCfg = Debug|Any CPU
		{F7239264-718F-4D2E-95AA-9C70A2B23319}.Debug|Any CPU.Build.0 = Debug|Any CPU
		{F7239264-718F-4D2E-95AA-9C70A2B23319}.Release|Any CPU.ActiveCfg = Release|Any CPU
		{F7239264-718F-4D2E-95AA-9C70A2B23319}.Release|Any CPU.Build.0 = Release|Any CPU
	EndGlobalSection
	GlobalSection(SolutionProperties) = preSolution
		HideSolutionNode = FALSE
	EndGlobalSection
	GlobalSection(NestedProjects) = preSolution
		{9E1670C5-0ED1-42FC-B7C2-BA73933F049F} = {2C69ABAD-9076-439A-9060-CDB5F8328B40}
		{49ED7C80-D8B8-422D-8771-8EF939521E1C} = {3556BC57-AFFB-461B-8604-600302AC6C75}
		{B9088BBB-C05B-4A4F-B83F-B90F79CDE9B6} = {0AF0648E-6894-4B97-8B3A-CE4AA6CADF06}
		{F7239264-718F-4D2E-95AA-9C70A2B23319} = {0AF0648E-6894-4B97-8B3A-CE4AA6CADF06}
	EndGlobalSection
	GlobalSection(ExtensibilityGlobals) = postSolution
		SolutionGuid = {9C2EDC16-681D-40A9-9168-7C35B4D4F23C}
	EndGlobalSection
EndGlobal
